
Microsoft Visual Studio Solution File, Format Version 12.00
# Visual Studio Version 17
VisualStudioVersion = 17.10.34928.147
MinimumVisualStudioVersion = 10.0.40219.1
Project("{FAE04EC0-301F-11D3-BF4B-00C04F79EFBC}") = "WorkerServiceDemo", "WorkerServiceDemo\WorkerServiceDemo.csproj", "{B720BC55-BDD2-47AA-B880-6DA922B22A33}"
EndProject
Project("{FAE04EC0-301F-11D3-BF4B-00C04F79EFBC}") = "ETLWorkerService", "ETLWorkerService\ETLWorkerService.csproj", "{12A238DF-80B3-4F8A-9D67-90B38C03FF69}"
EndProject
Global
	GlobalSection(SolutionConfigurationPlatforms) = preSolution
		Debug|Any CPU = Debug|Any CPU
		Release|Any CPU = Release|Any CPU
	EndGlobalSection
	GlobalSection(ProjectConfigurationPlatforms) = postSolution
		{B720BC55-BDD2-47AA-B880-6DA922B22A33}.Debug|Any CPU.ActiveCfg = Debug|Any CPU
		{B720BC55-BDD2-47AA-B880-6DA922B22A33}.Debug|Any CPU.Build.0 = Debug|Any CPU
		{B720BC55-BDD2-47AA-B880-6DA922B22A33}.Release|Any CPU.ActiveCfg = Release|Any CPU
		{B720BC55-BDD2-47AA-B880-6DA922B22A33}.Release|Any CPU.Build.0 = Release|Any CPU
		{12A238DF-80B3-4F8A-9D67-90B38C03FF69}.Debug|Any CPU.ActiveCfg = Debug|Any CPU
		{12A238DF-80B3-4F8A-9D67-90B38C03FF69}.Debug|Any CPU.Build.0 = Debug|Any CPU
		{12A238DF-80B3-4F8A-9D67-90B38C03FF69}.Release|Any CPU.ActiveCfg = Release|Any CPU
		{12A238DF-80B3-4F8A-9D67-90B38C03FF69}.Release|Any CPU.Build.0 = Release|Any CPU
	EndGlobalSection
	GlobalSection(SolutionProperties) = preSolution
		HideSolutionNode = FALSE
	EndGlobalSection
	GlobalSection(ExtensibilityGlobals) = postSolution
		SolutionGuid = {421F5D81-5830-42F8-9481-35A87D6D21C0}
	EndGlobalSection
EndGlobal
